
Microsoft Visual Studio Solution File, Format Version 9.00
# Visual Studio 2005
Project("{FAE04EC0-301F-11D3-BF4B-00C04F79EFBC}") = "Xheo.Licensing", "Xheo.Licensing.csproj", "{E5D9100D-0BB6-45E6-8844-1D1B527FF850}"
EndProject
Global
	GlobalSection(SolutionConfigurationPlatforms) = preSolution
		Debug|Any CPU = Debug|Any CPU
		Release|Any CPU = Release|Any CPU
	EndGlobalSection
	GlobalSection(ProjectConfigurationPlatforms) = postSolution
		{E5D9100D-0BB6-45E6-8844-1D1B527FF850}.Debug|Any CPU.ActiveCfg = Debug|Any CPU
		{E5D9100D-0BB6-45E6-8844-1D1B527FF850}.Debug|Any CPU.Build.0 = Debug|Any CPU
		{E5D9100D-0BB6-45E6-8844-1D1B527FF850}.Release|Any CPU.ActiveCfg = Release|Any CPU
		{E5D9100D-0BB6-45E6-8844-1D1B527FF850}.Release|Any CPU.Build.0 = Release|Any CPU
	EndGlobalSection
	GlobalSection(SolutionProperties) = preSolution
		HideSolutionNode = FALSE
	EndGlobalSection
EndGlobal
