
Microsoft Visual Studio Solution File, Format Version 12.00
# Visual Studio 14
VisualStudioVersion = 14.0.25420.1
MinimumVisualStudioVersion = 10.0.40219.1
Project("{FAE04EC0-301F-11D3-BF4B-00C04F79EFBC}") = "Checkbox.Forms.Workflow", "Checkbox.Forms.Workflow\Checkbox.Forms.Workflow.csproj", "{62EA43E7-5A3E-4653-960A-2B71200C1223}"
EndProject
Project("{FAE04EC0-301F-11D3-BF4B-00C04F79EFBC}") = "Checkbox.Wcf.Services", "Checkbox.Wcf.Services\Checkbox.Wcf.Services.csproj", "{61D717EB-ED78-498F-8834-CBED233EDF58}"
EndProject
Project("{FAE04EC0-301F-11D3-BF4B-00C04F79EFBC}") = "Checkbox.Wcf.Services.LocalProxies", "Checkbox.Wcf.Services.LocalProxies\Checkbox.Wcf.Services.LocalProxies.csproj", "{CC348C49-5C7F-4AFE-9359-A4BD84FC01FC}"
EndProject
Project("{FAE04EC0-301F-11D3-BF4B-00C04F79EFBC}") = "Checkbox.Wcf.Services.Proxies", "Checkbox.Wcf.Services.Proxies\Checkbox.Wcf.Services.Proxies.csproj", "{B181F819-319B-4390-86C9-B51B940C4133}"
EndProject
Project("{FAE04EC0-301F-11D3-BF4B-00C04F79EFBC}") = "Checkbox.Web.Charts", "Checkbox.Web.Charts\Checkbox.Web.Charts.csproj", "{24324159-9F36-41F9-B1A6-78DA1F80F16A}"
EndProject
Project("{FAE04EC0-301F-11D3-BF4B-00C04F79EFBC}") = "CheckboxWeb", "CheckboxWeb\CheckboxWeb.csproj", "{A54FDBE5-0ABC-46F9-B17E-EA13F23B85D3}"
EndProject
Project("{FAE04EC0-301F-11D3-BF4B-00C04F79EFBC}") = "Checkbox", "Core\Checkbox\Checkbox.csproj", "{4FDE1F16-41BF-45BD-A1FC-4A8EFAE02AFB}"
EndProject
Project("{2150E333-8FDC-42A3-9474-1A3956D46DE8}") = "Core", "Core", "{3E58F4A6-5B66-4548-AABB-412928122D94}"
EndProject
Project("{2150E333-8FDC-42A3-9474-1A3956D46DE8}") = "Framework", "Framework", "{B0DBAFBD-05D8-4902-826E-D1AC1009BF1D}"
EndProject
Project("{FAE04EC0-301F-11D3-BF4B-00C04F79EFBC}") = "Checkbox.Common", "Core\Checkbox.Common\Checkbox.Common.csproj", "{50A76D2E-1479-4AB8-949F-9A5B699ED84E}"
EndProject
Project("{FAE04EC0-301F-11D3-BF4B-00C04F79EFBC}") = "Checkbox.Globalization.Text.MultiLanguageTextProvider", "Core\Checkbox.Globalization.Text.Providers\Checkbox.Globalization.Text.MultiLanguageTextProvider.csproj", "{054C3FD1-EAC2-4FC1-9C35-2AD7ACE3851C}"
EndProject
Project("{FAE04EC0-301F-11D3-BF4B-00C04F79EFBC}") = "Checkbox.LicenseLibrary", "Core\Checkbox.LicenseLibrary\Checkbox.LicenseLibrary.csproj", "{3E42F329-2034-4B5F-B8B5-D7EA3D624120}"
EndProject
Project("{FAE04EC0-301F-11D3-BF4B-00C04F79EFBC}") = "Checkbox.Web", "Core\Checkbox.Web\Checkbox.Web.csproj", "{0D3246AB-205C-4490-B699-F23B78B625CA}"
EndProject
Project("{FAE04EC0-301F-11D3-BF4B-00C04F79EFBC}") = "Checkbox.Web.Ajax", "Core\Checkbox.Web.Ajax\Checkbox.Web.Ajax.csproj", "{BC4A46FB-2DAA-415D-97E0-394498E9EA54}"
EndProject
Project("{FAE04EC0-301F-11D3-BF4B-00C04F79EFBC}") = "Checkbox.Web.Providers", "Core\Checkbox.Web.Providers\Checkbox.Web.Providers.csproj", "{37754643-D646-4522-8122-AB3C6DA39298}"
EndProject
Project("{FAE04EC0-301F-11D3-BF4B-00C04F79EFBC}") = "Prezza.Framework", "Core\Prezza.Framework\Prezza.Framework.csproj", "{D8846AF1-ABF4-41AB-8BBE-07AF7AFB597C}"
EndProject
Project("{FAE04EC0-301F-11D3-BF4B-00C04F79EFBC}") = "Prezza.Framework.Common", "Core\Prezza.Framework.Common\Prezza.Framework.Common.csproj", "{2328F020-50E3-4DAF-A4F9-9C1A4D3CA238}"
EndProject
Project("{FAE04EC0-301F-11D3-BF4B-00C04F79EFBC}") = "Enyim.Caching", "Enyim.Caching\Enyim.Caching.csproj", "{33D257C1-8EF3-4370-8085-DA267698E1B0}"
EndProject
Project("{FAE04EC0-301F-11D3-BF4B-00C04F79EFBC}") = "CheckboxDb", "CheckboxDB\CheckboxDb.csproj", "{F869D201-91CD-4DC5-B08D-6B676FEDF299}"
EndProject
Project("{151D2E53-A2C4-4D7D-83FE-D05416EBD58E}") = "AllInOneDeploy", "AzureAllInOneDeploy\AllInOneDeploy.deployproj", "{93CE630F-50D4-4A0C-BC64-F75AA7F00611}"
EndProject
Project("{151D2E53-A2C4-4D7D-83FE-D05416EBD58E}") = "SetupBackups", "SetupBackups\SetupBackups.deployproj", "{2D6C28FC-8C69-4F11-83F6-10D84EDE5F10}"
EndProject
Global
	GlobalSection(SolutionConfigurationPlatforms) = preSolution
		Debug|Any CPU = Debug|Any CPU
		Debug|x64 = Debug|x64
		Debug|x86 = Debug|x86
		develop|Any CPU = develop|Any CPU
		develop|x64 = develop|x64
		develop|x86 = develop|x86
		online|Any CPU = online|Any CPU
		online|x64 = online|x64
		online|x86 = online|x86
		Release|Any CPU = Release|Any CPU
		Release|x64 = Release|x64
		Release|x86 = Release|x86
	EndGlobalSection
	GlobalSection(ProjectConfigurationPlatforms) = postSolution
		{62EA43E7-5A3E-4653-960A-2B71200C1223}.Debug|Any CPU.ActiveCfg = Debug|Any CPU
		{62EA43E7-5A3E-4653-960A-2B71200C1223}.Debug|Any CPU.Build.0 = Debug|Any CPU
		{62EA43E7-5A3E-4653-960A-2B71200C1223}.Debug|x64.ActiveCfg = Debug|Any CPU
		{62EA43E7-5A3E-4653-960A-2B71200C1223}.Debug|x64.Build.0 = Debug|Any CPU
		{62EA43E7-5A3E-4653-960A-2B71200C1223}.Debug|x86.ActiveCfg = Debug|Any CPU
		{62EA43E7-5A3E-4653-960A-2B71200C1223}.Debug|x86.Build.0 = Debug|Any CPU
		{62EA43E7-5A3E-4653-960A-2B71200C1223}.develop|Any CPU.ActiveCfg = develop|Any CPU
		{62EA43E7-5A3E-4653-960A-2B71200C1223}.develop|Any CPU.Build.0 = develop|Any CPU
		{62EA43E7-5A3E-4653-960A-2B71200C1223}.develop|x64.ActiveCfg = develop|Any CPU
		{62EA43E7-5A3E-4653-960A-2B71200C1223}.develop|x64.Build.0 = develop|Any CPU
		{62EA43E7-5A3E-4653-960A-2B71200C1223}.develop|x86.ActiveCfg = develop|Any CPU
		{62EA43E7-5A3E-4653-960A-2B71200C1223}.develop|x86.Build.0 = develop|Any CPU
		{62EA43E7-5A3E-4653-960A-2B71200C1223}.online|Any CPU.ActiveCfg = online|Any CPU
		{62EA43E7-5A3E-4653-960A-2B71200C1223}.online|Any CPU.Build.0 = online|Any CPU
		{62EA43E7-5A3E-4653-960A-2B71200C1223}.online|x64.ActiveCfg = online|Any CPU
		{62EA43E7-5A3E-4653-960A-2B71200C1223}.online|x64.Build.0 = online|Any CPU
		{62EA43E7-5A3E-4653-960A-2B71200C1223}.online|x86.ActiveCfg = online|Any CPU
		{62EA43E7-5A3E-4653-960A-2B71200C1223}.online|x86.Build.0 = online|Any CPU
		{62EA43E7-5A3E-4653-960A-2B71200C1223}.Release|Any CPU.ActiveCfg = Release|Any CPU
		{62EA43E7-5A3E-4653-960A-2B71200C1223}.Release|Any CPU.Build.0 = Release|Any CPU
		{62EA43E7-5A3E-4653-960A-2B71200C1223}.Release|x64.ActiveCfg = Release|Any CPU
		{62EA43E7-5A3E-4653-960A-2B71200C1223}.Release|x64.Build.0 = Release|Any CPU
		{62EA43E7-5A3E-4653-960A-2B71200C1223}.Release|x86.ActiveCfg = Release|Any CPU
		{62EA43E7-5A3E-4653-960A-2B71200C1223}.Release|x86.Build.0 = Release|Any CPU
		{61D717EB-ED78-498F-8834-CBED233EDF58}.Debug|Any CPU.ActiveCfg = Debug|Any CPU
		{61D717EB-ED78-498F-8834-CBED233EDF58}.Debug|Any CPU.Build.0 = Debug|Any CPU
		{61D717EB-ED78-498F-8834-CBED233EDF58}.Debug|x64.ActiveCfg = Debug|Any CPU
		{61D717EB-ED78-498F-8834-CBED233EDF58}.Debug|x64.Build.0 = Debug|Any CPU
		{61D717EB-ED78-498F-8834-CBED233EDF58}.Debug|x86.ActiveCfg = Debug|Any CPU
		{61D717EB-ED78-498F-8834-CBED233EDF58}.Debug|x86.Build.0 = Debug|Any CPU
		{61D717EB-ED78-498F-8834-CBED233EDF58}.develop|Any CPU.ActiveCfg = develop|Any CPU
		{61D717EB-ED78-498F-8834-CBED233EDF58}.develop|Any CPU.Build.0 = develop|Any CPU
		{61D717EB-ED78-498F-8834-CBED233EDF58}.develop|x64.ActiveCfg = develop|Any CPU
		{61D717EB-ED78-498F-8834-CBED233EDF58}.develop|x64.Build.0 = develop|Any CPU
		{61D717EB-ED78-498F-8834-CBED233EDF58}.develop|x86.ActiveCfg = develop|Any CPU
		{61D717EB-ED78-498F-8834-CBED233EDF58}.develop|x86.Build.0 = develop|Any CPU
		{61D717EB-ED78-498F-8834-CBED233EDF58}.online|Any CPU.ActiveCfg = online|Any CPU
		{61D717EB-ED78-498F-8834-CBED233EDF58}.online|Any CPU.Build.0 = online|Any CPU
		{61D717EB-ED78-498F-8834-CBED233EDF58}.online|x64.ActiveCfg = online|Any CPU
		{61D717EB-ED78-498F-8834-CBED233EDF58}.online|x64.Build.0 = online|Any CPU
		{61D717EB-ED78-498F-8834-CBED233EDF58}.online|x86.ActiveCfg = online|Any CPU
		{61D717EB-ED78-498F-8834-CBED233EDF58}.online|x86.Build.0 = online|Any CPU
		{61D717EB-ED78-498F-8834-CBED233EDF58}.Release|Any CPU.ActiveCfg = Release|Any CPU
		{61D717EB-ED78-498F-8834-CBED233EDF58}.Release|Any CPU.Build.0 = Release|Any CPU
		{61D717EB-ED78-498F-8834-CBED233EDF58}.Release|Any CPU.Deploy.0 = Release|Any CPU
		{61D717EB-ED78-498F-8834-CBED233EDF58}.Release|x64.ActiveCfg = Release|Any CPU
		{61D717EB-ED78-498F-8834-CBED233EDF58}.Release|x64.Build.0 = Release|Any CPU
		{61D717EB-ED78-498F-8834-CBED233EDF58}.Release|x86.ActiveCfg = Release|Any CPU
		{61D717EB-ED78-498F-8834-CBED233EDF58}.Release|x86.Build.0 = Release|Any CPU
		{CC348C49-5C7F-4AFE-9359-A4BD84FC01FC}.Debug|Any CPU.ActiveCfg = Debug|Any CPU
		{CC348C49-5C7F-4AFE-9359-A4BD84FC01FC}.Debug|Any CPU.Build.0 = Debug|Any CPU
		{CC348C49-5C7F-4AFE-9359-A4BD84FC01FC}.Debug|x64.ActiveCfg = Debug|Any CPU
		{CC348C49-5C7F-4AFE-9359-A4BD84FC01FC}.Debug|x64.Build.0 = Debug|Any CPU
		{CC348C49-5C7F-4AFE-9359-A4BD84FC01FC}.Debug|x86.ActiveCfg = Debug|Any CPU
		{CC348C49-5C7F-4AFE-9359-A4BD84FC01FC}.Debug|x86.Build.0 = Debug|Any CPU
		{CC348C49-5C7F-4AFE-9359-A4BD84FC01FC}.develop|Any CPU.ActiveCfg = develop|Any CPU
		{CC348C49-5C7F-4AFE-9359-A4BD84FC01FC}.develop|Any CPU.Build.0 = develop|Any CPU
		{CC348C49-5C7F-4AFE-9359-A4BD84FC01FC}.develop|x64.ActiveCfg = develop|Any CPU
		{CC348C49-5C7F-4AFE-9359-A4BD84FC01FC}.develop|x64.Build.0 = develop|Any CPU
		{CC348C49-5C7F-4AFE-9359-A4BD84FC01FC}.develop|x86.ActiveCfg = develop|Any CPU
		{CC348C49-5C7F-4AFE-9359-A4BD84FC01FC}.develop|x86.Build.0 = develop|Any CPU
		{CC348C49-5C7F-4AFE-9359-A4BD84FC01FC}.online|Any CPU.ActiveCfg = online|Any CPU
		{CC348C49-5C7F-4AFE-9359-A4BD84FC01FC}.online|Any CPU.Build.0 = online|Any CPU
		{CC348C49-5C7F-4AFE-9359-A4BD84FC01FC}.online|x64.ActiveCfg = online|Any CPU
		{CC348C49-5C7F-4AFE-9359-A4BD84FC01FC}.online|x64.Build.0 = online|Any CPU
		{CC348C49-5C7F-4AFE-9359-A4BD84FC01FC}.online|x86.ActiveCfg = online|Any CPU
		{CC348C49-5C7F-4AFE-9359-A4BD84FC01FC}.online|x86.Build.0 = online|Any CPU
		{CC348C49-5C7F-4AFE-9359-A4BD84FC01FC}.Release|Any CPU.ActiveCfg = Release|Any CPU
		{CC348C49-5C7F-4AFE-9359-A4BD84FC01FC}.Release|Any CPU.Build.0 = Release|Any CPU
		{CC348C49-5C7F-4AFE-9359-A4BD84FC01FC}.Release|x64.ActiveCfg = Release|Any CPU
		{CC348C49-5C7F-4AFE-9359-A4BD84FC01FC}.Release|x64.Build.0 = Release|Any CPU
		{CC348C49-5C7F-4AFE-9359-A4BD84FC01FC}.Release|x86.ActiveCfg = Release|Any CPU
		{CC348C49-5C7F-4AFE-9359-A4BD84FC01FC}.Release|x86.Build.0 = Release|Any CPU
		{B181F819-319B-4390-86C9-B51B940C4133}.Debug|Any CPU.ActiveCfg = Debug|Any CPU
		{B181F819-319B-4390-86C9-B51B940C4133}.Debug|Any CPU.Build.0 = Debug|Any CPU
		{B181F819-319B-4390-86C9-B51B940C4133}.Debug|x64.ActiveCfg = Debug|Any CPU
		{B181F819-319B-4390-86C9-B51B940C4133}.Debug|x64.Build.0 = Debug|Any CPU
		{B181F819-319B-4390-86C9-B51B940C4133}.Debug|x86.ActiveCfg = Debug|Any CPU
		{B181F819-319B-4390-86C9-B51B940C4133}.Debug|x86.Build.0 = Debug|Any CPU
		{B181F819-319B-4390-86C9-B51B940C4133}.develop|Any CPU.ActiveCfg = develop|Any CPU
		{B181F819-319B-4390-86C9-B51B940C4133}.develop|Any CPU.Build.0 = develop|Any CPU
		{B181F819-319B-4390-86C9-B51B940C4133}.develop|x64.ActiveCfg = develop|Any CPU
		{B181F819-319B-4390-86C9-B51B940C4133}.develop|x64.Build.0 = develop|Any CPU
		{B181F819-319B-4390-86C9-B51B940C4133}.develop|x86.ActiveCfg = develop|Any CPU
		{B181F819-319B-4390-86C9-B51B940C4133}.develop|x86.Build.0 = develop|Any CPU
		{B181F819-319B-4390-86C9-B51B940C4133}.online|Any CPU.ActiveCfg = online|Any CPU
		{B181F819-319B-4390-86C9-B51B940C4133}.online|Any CPU.Build.0 = online|Any CPU
		{B181F819-319B-4390-86C9-B51B940C4133}.online|x64.ActiveCfg = online|Any CPU
		{B181F819-319B-4390-86C9-B51B940C4133}.online|x64.Build.0 = online|Any CPU
		{B181F819-319B-4390-86C9-B51B940C4133}.online|x86.ActiveCfg = online|Any CPU
		{B181F819-319B-4390-86C9-B51B940C4133}.online|x86.Build.0 = online|Any CPU
		{B181F819-319B-4390-86C9-B51B940C4133}.Release|Any CPU.ActiveCfg = Release|Any CPU
		{B181F819-319B-4390-86C9-B51B940C4133}.Release|Any CPU.Build.0 = Release|Any CPU
		{B181F819-319B-4390-86C9-B51B940C4133}.Release|Any CPU.Deploy.0 = Release|Any CPU
		{B181F819-319B-4390-86C9-B51B940C4133}.Release|x64.ActiveCfg = Release|Any CPU
		{B181F819-319B-4390-86C9-B51B940C4133}.Release|x64.Build.0 = Release|Any CPU
		{B181F819-319B-4390-86C9-B51B940C4133}.Release|x86.ActiveCfg = Release|Any CPU
		{B181F819-319B-4390-86C9-B51B940C4133}.Release|x86.Build.0 = Release|Any CPU
		{24324159-9F36-41F9-B1A6-78DA1F80F16A}.Debug|Any CPU.ActiveCfg = Debug|Any CPU
		{24324159-9F36-41F9-B1A6-78DA1F80F16A}.Debug|Any CPU.Build.0 = Debug|Any CPU
		{24324159-9F36-41F9-B1A6-78DA1F80F16A}.Debug|x64.ActiveCfg = Debug|Any CPU
		{24324159-9F36-41F9-B1A6-78DA1F80F16A}.Debug|x64.Build.0 = Debug|Any CPU
		{24324159-9F36-41F9-B1A6-78DA1F80F16A}.Debug|x86.ActiveCfg = Debug|Any CPU
		{24324159-9F36-41F9-B1A6-78DA1F80F16A}.Debug|x86.Build.0 = Debug|Any CPU
		{24324159-9F36-41F9-B1A6-78DA1F80F16A}.develop|Any CPU.ActiveCfg = develop|Any CPU
		{24324159-9F36-41F9-B1A6-78DA1F80F16A}.develop|Any CPU.Build.0 = develop|Any CPU
		{24324159-9F36-41F9-B1A6-78DA1F80F16A}.develop|x64.ActiveCfg = develop|Any CPU
		{24324159-9F36-41F9-B1A6-78DA1F80F16A}.develop|x64.Build.0 = develop|Any CPU
		{24324159-9F36-41F9-B1A6-78DA1F80F16A}.develop|x86.ActiveCfg = develop|Any CPU
		{24324159-9F36-41F9-B1A6-78DA1F80F16A}.develop|x86.Build.0 = develop|Any CPU
		{24324159-9F36-41F9-B1A6-78DA1F80F16A}.online|Any CPU.ActiveCfg = online|Any CPU
		{24324159-9F36-41F9-B1A6-78DA1F80F16A}.online|Any CPU.Build.0 = online|Any CPU
		{24324159-9F36-41F9-B1A6-78DA1F80F16A}.online|x64.ActiveCfg = online|Any CPU
		{24324159-9F36-41F9-B1A6-78DA1F80F16A}.online|x64.Build.0 = online|Any CPU
		{24324159-9F36-41F9-B1A6-78DA1F80F16A}.online|x86.ActiveCfg = online|Any CPU
		{24324159-9F36-41F9-B1A6-78DA1F80F16A}.online|x86.Build.0 = online|Any CPU
		{24324159-9F36-41F9-B1A6-78DA1F80F16A}.Release|Any CPU.ActiveCfg = Release|Any CPU
		{24324159-9F36-41F9-B1A6-78DA1F80F16A}.Release|Any CPU.Build.0 = Release|Any CPU
		{24324159-9F36-41F9-B1A6-78DA1F80F16A}.Release|x64.ActiveCfg = Release|Any CPU
		{24324159-9F36-41F9-B1A6-78DA1F80F16A}.Release|x64.Build.0 = Release|Any CPU
		{24324159-9F36-41F9-B1A6-78DA1F80F16A}.Release|x86.ActiveCfg = Release|Any CPU
		{24324159-9F36-41F9-B1A6-78DA1F80F16A}.Release|x86.Build.0 = Release|Any CPU
		{A54FDBE5-0ABC-46F9-B17E-EA13F23B85D3}.Debug|Any CPU.ActiveCfg = Debug|Any CPU
		{A54FDBE5-0ABC-46F9-B17E-EA13F23B85D3}.Debug|Any CPU.Build.0 = Debug|Any CPU
		{A54FDBE5-0ABC-46F9-B17E-EA13F23B85D3}.Debug|x64.ActiveCfg = Debug|Any CPU
		{A54FDBE5-0ABC-46F9-B17E-EA13F23B85D3}.Debug|x64.Build.0 = Debug|Any CPU
		{A54FDBE5-0ABC-46F9-B17E-EA13F23B85D3}.Debug|x86.ActiveCfg = Debug|Any CPU
		{A54FDBE5-0ABC-46F9-B17E-EA13F23B85D3}.Debug|x86.Build.0 = Debug|Any CPU
		{A54FDBE5-0ABC-46F9-B17E-EA13F23B85D3}.develop|Any CPU.ActiveCfg = develop|Any CPU
		{A54FDBE5-0ABC-46F9-B17E-EA13F23B85D3}.develop|Any CPU.Build.0 = develop|Any CPU
		{A54FDBE5-0ABC-46F9-B17E-EA13F23B85D3}.develop|x64.ActiveCfg = develop|Any CPU
		{A54FDBE5-0ABC-46F9-B17E-EA13F23B85D3}.develop|x64.Build.0 = develop|Any CPU
		{A54FDBE5-0ABC-46F9-B17E-EA13F23B85D3}.develop|x86.ActiveCfg = develop|Any CPU
		{A54FDBE5-0ABC-46F9-B17E-EA13F23B85D3}.develop|x86.Build.0 = develop|Any CPU
		{A54FDBE5-0ABC-46F9-B17E-EA13F23B85D3}.online|Any CPU.ActiveCfg = online|Any CPU
		{A54FDBE5-0ABC-46F9-B17E-EA13F23B85D3}.online|Any CPU.Build.0 = online|Any CPU
		{A54FDBE5-0ABC-46F9-B17E-EA13F23B85D3}.online|x64.ActiveCfg = online|Any CPU
		{A54FDBE5-0ABC-46F9-B17E-EA13F23B85D3}.online|x64.Build.0 = online|Any CPU
		{A54FDBE5-0ABC-46F9-B17E-EA13F23B85D3}.online|x86.ActiveCfg = online|Any CPU
		{A54FDBE5-0ABC-46F9-B17E-EA13F23B85D3}.online|x86.Build.0 = online|Any CPU
		{A54FDBE5-0ABC-46F9-B17E-EA13F23B85D3}.Release|Any CPU.ActiveCfg = Release|Any CPU
		{A54FDBE5-0ABC-46F9-B17E-EA13F23B85D3}.Release|Any CPU.Build.0 = Release|Any CPU
		{A54FDBE5-0ABC-46F9-B17E-EA13F23B85D3}.Release|x64.ActiveCfg = Release|Any CPU
		{A54FDBE5-0ABC-46F9-B17E-EA13F23B85D3}.Release|x64.Build.0 = Release|Any CPU
		{A54FDBE5-0ABC-46F9-B17E-EA13F23B85D3}.Release|x86.ActiveCfg = Release|Any CPU
		{A54FDBE5-0ABC-46F9-B17E-EA13F23B85D3}.Release|x86.Build.0 = Release|Any CPU
		{4FDE1F16-41BF-45BD-A1FC-4A8EFAE02AFB}.Debug|Any CPU.ActiveCfg = Debug|Any CPU
		{4FDE1F16-41BF-45BD-A1FC-4A8EFAE02AFB}.Debug|Any CPU.Build.0 = Debug|Any CPU
		{4FDE1F16-41BF-45BD-A1FC-4A8EFAE02AFB}.Debug|x64.ActiveCfg = Debug|x64
		{4FDE1F16-41BF-45BD-A1FC-4A8EFAE02AFB}.Debug|x64.Build.0 = Debug|x64
		{4FDE1F16-41BF-45BD-A1FC-4A8EFAE02AFB}.Debug|x86.ActiveCfg = Debug|x86
		{4FDE1F16-41BF-45BD-A1FC-4A8EFAE02AFB}.Debug|x86.Build.0 = Debug|x86
		{4FDE1F16-41BF-45BD-A1FC-4A8EFAE02AFB}.develop|Any CPU.ActiveCfg = develop|Any CPU
		{4FDE1F16-41BF-45BD-A1FC-4A8EFAE02AFB}.develop|Any CPU.Build.0 = develop|Any CPU
		{4FDE1F16-41BF-45BD-A1FC-4A8EFAE02AFB}.develop|x64.ActiveCfg = develop|x64
		{4FDE1F16-41BF-45BD-A1FC-4A8EFAE02AFB}.develop|x64.Build.0 = develop|x64
		{4FDE1F16-41BF-45BD-A1FC-4A8EFAE02AFB}.develop|x86.ActiveCfg = develop|x86
		{4FDE1F16-41BF-45BD-A1FC-4A8EFAE02AFB}.develop|x86.Build.0 = develop|x86
		{4FDE1F16-41BF-45BD-A1FC-4A8EFAE02AFB}.online|Any CPU.ActiveCfg = online|Any CPU
		{4FDE1F16-41BF-45BD-A1FC-4A8EFAE02AFB}.online|Any CPU.Build.0 = online|Any CPU
		{4FDE1F16-41BF-45BD-A1FC-4A8EFAE02AFB}.online|x64.ActiveCfg = online|x64
		{4FDE1F16-41BF-45BD-A1FC-4A8EFAE02AFB}.online|x64.Build.0 = online|x64
		{4FDE1F16-41BF-45BD-A1FC-4A8EFAE02AFB}.online|x86.ActiveCfg = online|x86
		{4FDE1F16-41BF-45BD-A1FC-4A8EFAE02AFB}.online|x86.Build.0 = online|x86
		{4FDE1F16-41BF-45BD-A1FC-4A8EFAE02AFB}.Release|Any CPU.ActiveCfg = Release|Any CPU
		{4FDE1F16-41BF-45BD-A1FC-4A8EFAE02AFB}.Release|Any CPU.Build.0 = Release|Any CPU
		{4FDE1F16-41BF-45BD-A1FC-4A8EFAE02AFB}.Release|x64.ActiveCfg = Release|x64
		{4FDE1F16-41BF-45BD-A1FC-4A8EFAE02AFB}.Release|x64.Build.0 = Release|x64
		{4FDE1F16-41BF-45BD-A1FC-4A8EFAE02AFB}.Release|x86.ActiveCfg = Release|x86
		{4FDE1F16-41BF-45BD-A1FC-4A8EFAE02AFB}.Release|x86.Build.0 = Release|x86
		{50A76D2E-1479-4AB8-949F-9A5B699ED84E}.Debug|Any CPU.ActiveCfg = Debug|Any CPU
		{50A76D2E-1479-4AB8-949F-9A5B699ED84E}.Debug|Any CPU.Build.0 = Debug|Any CPU
		{50A76D2E-1479-4AB8-949F-9A5B699ED84E}.Debug|x64.ActiveCfg = Debug|x64
		{50A76D2E-1479-4AB8-949F-9A5B699ED84E}.Debug|x64.Build.0 = Debug|x64
		{50A76D2E-1479-4AB8-949F-9A5B699ED84E}.Debug|x86.ActiveCfg = Debug|x86
		{50A76D2E-1479-4AB8-949F-9A5B699ED84E}.Debug|x86.Build.0 = Debug|x86
		{50A76D2E-1479-4AB8-949F-9A5B699ED84E}.develop|Any CPU.ActiveCfg = develop|Any CPU
		{50A76D2E-1479-4AB8-949F-9A5B699ED84E}.develop|Any CPU.Build.0 = develop|Any CPU
		{50A76D2E-1479-4AB8-949F-9A5B699ED84E}.develop|x64.ActiveCfg = develop|x64
		{50A76D2E-1479-4AB8-949F-9A5B699ED84E}.develop|x64.Build.0 = develop|x64
		{50A76D2E-1479-4AB8-949F-9A5B699ED84E}.develop|x86.ActiveCfg = develop|x86
		{50A76D2E-1479-4AB8-949F-9A5B699ED84E}.develop|x86.Build.0 = develop|x86
		{50A76D2E-1479-4AB8-949F-9A5B699ED84E}.online|Any CPU.ActiveCfg = online|Any CPU
		{50A76D2E-1479-4AB8-949F-9A5B699ED84E}.online|Any CPU.Build.0 = online|Any CPU
		{50A76D2E-1479-4AB8-949F-9A5B699ED84E}.online|x64.ActiveCfg = online|x64
		{50A76D2E-1479-4AB8-949F-9A5B699ED84E}.online|x64.Build.0 = online|x64
		{50A76D2E-1479-4AB8-949F-9A5B699ED84E}.online|x86.ActiveCfg = online|x86
		{50A76D2E-1479-4AB8-949F-9A5B699ED84E}.online|x86.Build.0 = online|x86
		{50A76D2E-1479-4AB8-949F-9A5B699ED84E}.Release|Any CPU.ActiveCfg = Release|Any CPU
		{50A76D2E-1479-4AB8-949F-9A5B699ED84E}.Release|Any CPU.Build.0 = Release|Any CPU
		{50A76D2E-1479-4AB8-949F-9A5B699ED84E}.Release|x64.ActiveCfg = Release|x64
		{50A76D2E-1479-4AB8-949F-9A5B699ED84E}.Release|x64.Build.0 = Release|x64
		{50A76D2E-1479-4AB8-949F-9A5B699ED84E}.Release|x86.ActiveCfg = Release|x86
		{50A76D2E-1479-4AB8-949F-9A5B699ED84E}.Release|x86.Build.0 = Release|x86
		{054C3FD1-EAC2-4FC1-9C35-2AD7ACE3851C}.Debug|Any CPU.ActiveCfg = Debug|Any CPU
		{054C3FD1-EAC2-4FC1-9C35-2AD7ACE3851C}.Debug|Any CPU.Build.0 = Debug|Any CPU
		{054C3FD1-EAC2-4FC1-9C35-2AD7ACE3851C}.Debug|x64.ActiveCfg = Debug|x64
		{054C3FD1-EAC2-4FC1-9C35-2AD7ACE3851C}.Debug|x64.Build.0 = Debug|x64
		{054C3FD1-EAC2-4FC1-9C35-2AD7ACE3851C}.Debug|x86.ActiveCfg = Debug|x86
		{054C3FD1-EAC2-4FC1-9C35-2AD7ACE3851C}.Debug|x86.Build.0 = Debug|x86
		{054C3FD1-EAC2-4FC1-9C35-2AD7ACE3851C}.develop|Any CPU.ActiveCfg = develop|Any CPU
		{054C3FD1-EAC2-4FC1-9C35-2AD7ACE3851C}.develop|Any CPU.Build.0 = develop|Any CPU
		{054C3FD1-EAC2-4FC1-9C35-2AD7ACE3851C}.develop|x64.ActiveCfg = develop|x64
		{054C3FD1-EAC2-4FC1-9C35-2AD7ACE3851C}.develop|x64.Build.0 = develop|x64
		{054C3FD1-EAC2-4FC1-9C35-2AD7ACE3851C}.develop|x86.ActiveCfg = develop|x86
		{054C3FD1-EAC2-4FC1-9C35-2AD7ACE3851C}.develop|x86.Build.0 = develop|x86
		{054C3FD1-EAC2-4FC1-9C35-2AD7ACE3851C}.online|Any CPU.ActiveCfg = online|Any CPU
		{054C3FD1-EAC2-4FC1-9C35-2AD7ACE3851C}.online|Any CPU.Build.0 = online|Any CPU
		{054C3FD1-EAC2-4FC1-9C35-2AD7ACE3851C}.online|x64.ActiveCfg = online|x64
		{054C3FD1-EAC2-4FC1-9C35-2AD7ACE3851C}.online|x64.Build.0 = online|x64
		{054C3FD1-EAC2-4FC1-9C35-2AD7ACE3851C}.online|x86.ActiveCfg = online|x86
		{054C3FD1-EAC2-4FC1-9C35-2AD7ACE3851C}.online|x86.Build.0 = online|x86
		{054C3FD1-EAC2-4FC1-9C35-2AD7ACE3851C}.Release|Any CPU.ActiveCfg = Release|Any CPU
		{054C3FD1-EAC2-4FC1-9C35-2AD7ACE3851C}.Release|Any CPU.Build.0 = Release|Any CPU
		{054C3FD1-EAC2-4FC1-9C35-2AD7ACE3851C}.Release|x64.ActiveCfg = Release|x64
		{054C3FD1-EAC2-4FC1-9C35-2AD7ACE3851C}.Release|x64.Build.0 = Release|x64
		{054C3FD1-EAC2-4FC1-9C35-2AD7ACE3851C}.Release|x86.ActiveCfg = Release|x86
		{054C3FD1-EAC2-4FC1-9C35-2AD7ACE3851C}.Release|x86.Build.0 = Release|x86
		{3E42F329-2034-4B5F-B8B5-D7EA3D624120}.Debug|Any CPU.ActiveCfg = Debug|Any CPU
		{3E42F329-2034-4B5F-B8B5-D7EA3D624120}.Debug|Any CPU.Build.0 = Debug|Any CPU
		{3E42F329-2034-4B5F-B8B5-D7EA3D624120}.Debug|x64.ActiveCfg = Debug|Any CPU
		{3E42F329-2034-4B5F-B8B5-D7EA3D624120}.Debug|x64.Build.0 = Debug|Any CPU
		{3E42F329-2034-4B5F-B8B5-D7EA3D624120}.Debug|x86.ActiveCfg = Debug|Any CPU
		{3E42F329-2034-4B5F-B8B5-D7EA3D624120}.Debug|x86.Build.0 = Debug|Any CPU
		{3E42F329-2034-4B5F-B8B5-D7EA3D624120}.develop|Any CPU.ActiveCfg = develop|Any CPU
		{3E42F329-2034-4B5F-B8B5-D7EA3D624120}.develop|Any CPU.Build.0 = develop|Any CPU
		{3E42F329-2034-4B5F-B8B5-D7EA3D624120}.develop|x64.ActiveCfg = develop|Any CPU
		{3E42F329-2034-4B5F-B8B5-D7EA3D624120}.develop|x64.Build.0 = develop|Any CPU
		{3E42F329-2034-4B5F-B8B5-D7EA3D624120}.develop|x86.ActiveCfg = develop|Any CPU
		{3E42F329-2034-4B5F-B8B5-D7EA3D624120}.develop|x86.Build.0 = develop|Any CPU
		{3E42F329-2034-4B5F-B8B5-D7EA3D624120}.online|Any CPU.ActiveCfg = online|Any CPU
		{3E42F329-2034-4B5F-B8B5-D7EA3D624120}.online|Any CPU.Build.0 = online|Any CPU
		{3E42F329-2034-4B5F-B8B5-D7EA3D624120}.online|x64.ActiveCfg = online|Any CPU
		{3E42F329-2034-4B5F-B8B5-D7EA3D624120}.online|x64.Build.0 = online|Any CPU
		{3E42F329-2034-4B5F-B8B5-D7EA3D624120}.online|x86.ActiveCfg = online|Any CPU
		{3E42F329-2034-4B5F-B8B5-D7EA3D624120}.online|x86.Build.0 = online|Any CPU
		{3E42F329-2034-4B5F-B8B5-D7EA3D624120}.Release|Any CPU.ActiveCfg = Release|Any CPU
		{3E42F329-2034-4B5F-B8B5-D7EA3D624120}.Release|Any CPU.Build.0 = Release|Any CPU
		{3E42F329-2034-4B5F-B8B5-D7EA3D624120}.Release|x64.ActiveCfg = Release|Any CPU
		{3E42F329-2034-4B5F-B8B5-D7EA3D624120}.Release|x64.Build.0 = Release|Any CPU
		{3E42F329-2034-4B5F-B8B5-D7EA3D624120}.Release|x86.ActiveCfg = Release|Any CPU
		{3E42F329-2034-4B5F-B8B5-D7EA3D624120}.Release|x86.Build.0 = Release|Any CPU
		{0D3246AB-205C-4490-B699-F23B78B625CA}.Debug|Any CPU.ActiveCfg = Debug|Any CPU
		{0D3246AB-205C-4490-B699-F23B78B625CA}.Debug|Any CPU.Build.0 = Debug|Any CPU
		{0D3246AB-205C-4490-B699-F23B78B625CA}.Debug|x64.ActiveCfg = Debug|x64
		{0D3246AB-205C-4490-B699-F23B78B625CA}.Debug|x64.Build.0 = Debug|x64
		{0D3246AB-205C-4490-B699-F23B78B625CA}.Debug|x86.ActiveCfg = Debug|x86
		{0D3246AB-205C-4490-B699-F23B78B625CA}.Debug|x86.Build.0 = Debug|x86
		{0D3246AB-205C-4490-B699-F23B78B625CA}.develop|Any CPU.ActiveCfg = develop|Any CPU
		{0D3246AB-205C-4490-B699-F23B78B625CA}.develop|Any CPU.Build.0 = develop|Any CPU
		{0D3246AB-205C-4490-B699-F23B78B625CA}.develop|x64.ActiveCfg = develop|x64
		{0D3246AB-205C-4490-B699-F23B78B625CA}.develop|x64.Build.0 = develop|x64
		{0D3246AB-205C-4490-B699-F23B78B625CA}.develop|x86.ActiveCfg = develop|x86
		{0D3246AB-205C-4490-B699-F23B78B625CA}.develop|x86.Build.0 = develop|x86
		{0D3246AB-205C-4490-B699-F23B78B625CA}.online|Any CPU.ActiveCfg = online|Any CPU
		{0D3246AB-205C-4490-B699-F23B78B625CA}.online|Any CPU.Build.0 = online|Any CPU
		{0D3246AB-205C-4490-B699-F23B78B625CA}.online|x64.ActiveCfg = online|x64
		{0D3246AB-205C-4490-B699-F23B78B625CA}.online|x64.Build.0 = online|x64
		{0D3246AB-205C-4490-B699-F23B78B625CA}.online|x86.ActiveCfg = online|x86
		{0D3246AB-205C-4490-B699-F23B78B625CA}.online|x86.Build.0 = online|x86
		{0D3246AB-205C-4490-B699-F23B78B625CA}.Release|Any CPU.ActiveCfg = Release|Any CPU
		{0D3246AB-205C-4490-B699-F23B78B625CA}.Release|Any CPU.Build.0 = Release|Any CPU
		{0D3246AB-205C-4490-B699-F23B78B625CA}.Release|x64.ActiveCfg = Release|x64
		{0D3246AB-205C-4490-B699-F23B78B625CA}.Release|x64.Build.0 = Release|x64
		{0D3246AB-205C-4490-B699-F23B78B625CA}.Release|x86.ActiveCfg = Release|x86
		{0D3246AB-205C-4490-B699-F23B78B625CA}.Release|x86.Build.0 = Release|x86
		{BC4A46FB-2DAA-415D-97E0-394498E9EA54}.Debug|Any CPU.ActiveCfg = Debug|Any CPU
		{BC4A46FB-2DAA-415D-97E0-394498E9EA54}.Debug|Any CPU.Build.0 = Debug|Any CPU
		{BC4A46FB-2DAA-415D-97E0-394498E9EA54}.Debug|x64.ActiveCfg = Debug|Any CPU
		{BC4A46FB-2DAA-415D-97E0-394498E9EA54}.Debug|x64.Build.0 = Debug|Any CPU
		{BC4A46FB-2DAA-415D-97E0-394498E9EA54}.Debug|x86.ActiveCfg = Debug|Any CPU
		{BC4A46FB-2DAA-415D-97E0-394498E9EA54}.Debug|x86.Build.0 = Debug|Any CPU
		{BC4A46FB-2DAA-415D-97E0-394498E9EA54}.develop|Any CPU.ActiveCfg = develop|Any CPU
		{BC4A46FB-2DAA-415D-97E0-394498E9EA54}.develop|Any CPU.Build.0 = develop|Any CPU
		{BC4A46FB-2DAA-415D-97E0-394498E9EA54}.develop|x64.ActiveCfg = develop|Any CPU
		{BC4A46FB-2DAA-415D-97E0-394498E9EA54}.develop|x64.Build.0 = develop|Any CPU
		{BC4A46FB-2DAA-415D-97E0-394498E9EA54}.develop|x86.ActiveCfg = develop|Any CPU
		{BC4A46FB-2DAA-415D-97E0-394498E9EA54}.develop|x86.Build.0 = develop|Any CPU
		{BC4A46FB-2DAA-415D-97E0-394498E9EA54}.online|Any CPU.ActiveCfg = online|Any CPU
		{BC4A46FB-2DAA-415D-97E0-394498E9EA54}.online|Any CPU.Build.0 = online|Any CPU
		{BC4A46FB-2DAA-415D-97E0-394498E9EA54}.online|x64.ActiveCfg = online|Any CPU
		{BC4A46FB-2DAA-415D-97E0-394498E9EA54}.online|x64.Build.0 = online|Any CPU
		{BC4A46FB-2DAA-415D-97E0-394498E9EA54}.online|x86.ActiveCfg = online|Any CPU
		{BC4A46FB-2DAA-415D-97E0-394498E9EA54}.online|x86.Build.0 = online|Any CPU
		{BC4A46FB-2DAA-415D-97E0-394498E9EA54}.Release|Any CPU.ActiveCfg = Release|Any CPU
		{BC4A46FB-2DAA-415D-97E0-394498E9EA54}.Release|Any CPU.Build.0 = Release|Any CPU
		{BC4A46FB-2DAA-415D-97E0-394498E9EA54}.Release|x64.ActiveCfg = Release|Any CPU
		{BC4A46FB-2DAA-415D-97E0-394498E9EA54}.Release|x64.Build.0 = Release|Any CPU
		{BC4A46FB-2DAA-415D-97E0-394498E9EA54}.Release|x86.ActiveCfg = Release|Any CPU
		{BC4A46FB-2DAA-415D-97E0-394498E9EA54}.Release|x86.Build.0 = Release|Any CPU
		{37754643-D646-4522-8122-AB3C6DA39298}.Debug|Any CPU.ActiveCfg = Debug|Any CPU
		{37754643-D646-4522-8122-AB3C6DA39298}.Debug|Any CPU.Build.0 = Debug|Any CPU
		{37754643-D646-4522-8122-AB3C6DA39298}.Debug|x64.ActiveCfg = Debug|Any CPU
		{37754643-D646-4522-8122-AB3C6DA39298}.Debug|x64.Build.0 = Debug|Any CPU
		{37754643-D646-4522-8122-AB3C6DA39298}.Debug|x86.ActiveCfg = Debug|Any CPU
		{37754643-D646-4522-8122-AB3C6DA39298}.Debug|x86.Build.0 = Debug|Any CPU
		{37754643-D646-4522-8122-AB3C6DA39298}.develop|Any CPU.ActiveCfg = develop|Any CPU
		{37754643-D646-4522-8122-AB3C6DA39298}.develop|Any CPU.Build.0 = develop|Any CPU
		{37754643-D646-4522-8122-AB3C6DA39298}.develop|x64.ActiveCfg = develop|Any CPU
		{37754643-D646-4522-8122-AB3C6DA39298}.develop|x64.Build.0 = develop|Any CPU
		{37754643-D646-4522-8122-AB3C6DA39298}.develop|x86.ActiveCfg = develop|Any CPU
		{37754643-D646-4522-8122-AB3C6DA39298}.develop|x86.Build.0 = develop|Any CPU
		{37754643-D646-4522-8122-AB3C6DA39298}.online|Any CPU.ActiveCfg = online|Any CPU
		{37754643-D646-4522-8122-AB3C6DA39298}.online|Any CPU.Build.0 = online|Any CPU
		{37754643-D646-4522-8122-AB3C6DA39298}.online|x64.ActiveCfg = online|Any CPU
		{37754643-D646-4522-8122-AB3C6DA39298}.online|x64.Build.0 = online|Any CPU
		{37754643-D646-4522-8122-AB3C6DA39298}.online|x86.ActiveCfg = online|Any CPU
		{37754643-D646-4522-8122-AB3C6DA39298}.online|x86.Build.0 = online|Any CPU
		{37754643-D646-4522-8122-AB3C6DA39298}.Release|Any CPU.ActiveCfg = Release|Any CPU
		{37754643-D646-4522-8122-AB3C6DA39298}.Release|Any CPU.Build.0 = Release|Any CPU
		{37754643-D646-4522-8122-AB3C6DA39298}.Release|x64.ActiveCfg = Release|Any CPU
		{37754643-D646-4522-8122-AB3C6DA39298}.Release|x64.Build.0 = Release|Any CPU
		{37754643-D646-4522-8122-AB3C6DA39298}.Release|x86.ActiveCfg = Release|Any CPU
		{37754643-D646-4522-8122-AB3C6DA39298}.Release|x86.Build.0 = Release|Any CPU
		{D8846AF1-ABF4-41AB-8BBE-07AF7AFB597C}.Debug|Any CPU.ActiveCfg = Debug|Any CPU
		{D8846AF1-ABF4-41AB-8BBE-07AF7AFB597C}.Debug|Any CPU.Build.0 = Debug|Any CPU
		{D8846AF1-ABF4-41AB-8BBE-07AF7AFB597C}.Debug|x64.ActiveCfg = Debug|x64
		{D8846AF1-ABF4-41AB-8BBE-07AF7AFB597C}.Debug|x64.Build.0 = Debug|x64
		{D8846AF1-ABF4-41AB-8BBE-07AF7AFB597C}.Debug|x86.ActiveCfg = Debug|x86
		{D8846AF1-ABF4-41AB-8BBE-07AF7AFB597C}.Debug|x86.Build.0 = Debug|x86
		{D8846AF1-ABF4-41AB-8BBE-07AF7AFB597C}.develop|Any CPU.ActiveCfg = develop|Any CPU
		{D8846AF1-ABF4-41AB-8BBE-07AF7AFB597C}.develop|Any CPU.Build.0 = develop|Any CPU
		{D8846AF1-ABF4-41AB-8BBE-07AF7AFB597C}.develop|x64.ActiveCfg = develop|x64
		{D8846AF1-ABF4-41AB-8BBE-07AF7AFB597C}.develop|x64.Build.0 = develop|x64
		{D8846AF1-ABF4-41AB-8BBE-07AF7AFB597C}.develop|x86.ActiveCfg = develop|x86
		{D8846AF1-ABF4-41AB-8BBE-07AF7AFB597C}.develop|x86.Build.0 = develop|x86
		{D8846AF1-ABF4-41AB-8BBE-07AF7AFB597C}.online|Any CPU.ActiveCfg = online|Any CPU
		{D8846AF1-ABF4-41AB-8BBE-07AF7AFB597C}.online|Any CPU.Build.0 = online|Any CPU
		{D8846AF1-ABF4-41AB-8BBE-07AF7AFB597C}.online|x64.ActiveCfg = online|x64
		{D8846AF1-ABF4-41AB-8BBE-07AF7AFB597C}.online|x64.Build.0 = online|x64
		{D8846AF1-ABF4-41AB-8BBE-07AF7AFB597C}.online|x86.ActiveCfg = online|x86
		{D8846AF1-ABF4-41AB-8BBE-07AF7AFB597C}.online|x86.Build.0 = online|x86
		{D8846AF1-ABF4-41AB-8BBE-07AF7AFB597C}.Release|Any CPU.ActiveCfg = Release|Any CPU
		{D8846AF1-ABF4-41AB-8BBE-07AF7AFB597C}.Release|Any CPU.Build.0 = Release|Any CPU
		{D8846AF1-ABF4-41AB-8BBE-07AF7AFB597C}.Release|x64.ActiveCfg = Release|x64
		{D8846AF1-ABF4-41AB-8BBE-07AF7AFB597C}.Release|x64.Build.0 = Release|x64
		{D8846AF1-ABF4-41AB-8BBE-07AF7AFB597C}.Release|x86.ActiveCfg = Release|x86
		{D8846AF1-ABF4-41AB-8BBE-07AF7AFB597C}.Release|x86.Build.0 = Release|x86
		{2328F020-50E3-4DAF-A4F9-9C1A4D3CA238}.Debug|Any CPU.ActiveCfg = Debug|Any CPU
		{2328F020-50E3-4DAF-A4F9-9C1A4D3CA238}.Debug|Any CPU.Build.0 = Debug|Any CPU
		{2328F020-50E3-4DAF-A4F9-9C1A4D3CA238}.Debug|x64.ActiveCfg = Debug|x64
		{2328F020-50E3-4DAF-A4F9-9C1A4D3CA238}.Debug|x64.Build.0 = Debug|x64
		{2328F020-50E3-4DAF-A4F9-9C1A4D3CA238}.Debug|x86.ActiveCfg = Debug|x86
		{2328F020-50E3-4DAF-A4F9-9C1A4D3CA238}.Debug|x86.Build.0 = Debug|x86
		{2328F020-50E3-4DAF-A4F9-9C1A4D3CA238}.develop|Any CPU.ActiveCfg = develop|Any CPU
		{2328F020-50E3-4DAF-A4F9-9C1A4D3CA238}.develop|Any CPU.Build.0 = develop|Any CPU
		{2328F020-50E3-4DAF-A4F9-9C1A4D3CA238}.develop|x64.ActiveCfg = develop|x64
		{2328F020-50E3-4DAF-A4F9-9C1A4D3CA238}.develop|x64.Build.0 = develop|x64
		{2328F020-50E3-4DAF-A4F9-9C1A4D3CA238}.develop|x86.ActiveCfg = develop|x86
		{2328F020-50E3-4DAF-A4F9-9C1A4D3CA238}.develop|x86.Build.0 = develop|x86
		{2328F020-50E3-4DAF-A4F9-9C1A4D3CA238}.online|Any CPU.ActiveCfg = online|Any CPU
		{2328F020-50E3-4DAF-A4F9-9C1A4D3CA238}.online|Any CPU.Build.0 = online|Any CPU
		{2328F020-50E3-4DAF-A4F9-9C1A4D3CA238}.online|x64.ActiveCfg = online|x64
		{2328F020-50E3-4DAF-A4F9-9C1A4D3CA238}.online|x64.Build.0 = online|x64
		{2328F020-50E3-4DAF-A4F9-9C1A4D3CA238}.online|x86.ActiveCfg = online|x86
		{2328F020-50E3-4DAF-A4F9-9C1A4D3CA238}.online|x86.Build.0 = online|x86
		{2328F020-50E3-4DAF-A4F9-9C1A4D3CA238}.Release|Any CPU.ActiveCfg = Release|Any CPU
		{2328F020-50E3-4DAF-A4F9-9C1A4D3CA238}.Release|Any CPU.Build.0 = Release|Any CPU
		{2328F020-50E3-4DAF-A4F9-9C1A4D3CA238}.Release|x64.ActiveCfg = Release|x64
		{2328F020-50E3-4DAF-A4F9-9C1A4D3CA238}.Release|x64.Build.0 = Release|x64
		{2328F020-50E3-4DAF-A4F9-9C1A4D3CA238}.Release|x86.ActiveCfg = Release|x86
		{2328F020-50E3-4DAF-A4F9-9C1A4D3CA238}.Release|x86.Build.0 = Release|x86
		{33D257C1-8EF3-4370-8085-DA267698E1B0}.Debug|Any CPU.ActiveCfg = Debug|Any CPU
		{33D257C1-8EF3-4370-8085-DA267698E1B0}.Debug|Any CPU.Build.0 = Debug|Any CPU
		{33D257C1-8EF3-4370-8085-DA267698E1B0}.Debug|x64.ActiveCfg = Debug|Any CPU
		{33D257C1-8EF3-4370-8085-DA267698E1B0}.Debug|x64.Build.0 = Debug|Any CPU
		{33D257C1-8EF3-4370-8085-DA267698E1B0}.Debug|x86.ActiveCfg = Debug|Any CPU
		{33D257C1-8EF3-4370-8085-DA267698E1B0}.Debug|x86.Build.0 = Debug|Any CPU
		{33D257C1-8EF3-4370-8085-DA267698E1B0}.develop|Any CPU.ActiveCfg = develop|Any CPU
		{33D257C1-8EF3-4370-8085-DA267698E1B0}.develop|Any CPU.Build.0 = develop|Any CPU
		{33D257C1-8EF3-4370-8085-DA267698E1B0}.develop|x64.ActiveCfg = develop|Any CPU
		{33D257C1-8EF3-4370-8085-DA267698E1B0}.develop|x64.Build.0 = develop|Any CPU
		{33D257C1-8EF3-4370-8085-DA267698E1B0}.develop|x86.ActiveCfg = develop|Any CPU
		{33D257C1-8EF3-4370-8085-DA267698E1B0}.develop|x86.Build.0 = develop|Any CPU
		{33D257C1-8EF3-4370-8085-DA267698E1B0}.online|Any CPU.ActiveCfg = online|Any CPU
		{33D257C1-8EF3-4370-8085-DA267698E1B0}.online|Any CPU.Build.0 = online|Any CPU
		{33D257C1-8EF3-4370-8085-DA267698E1B0}.online|x64.ActiveCfg = online|Any CPU
		{33D257C1-8EF3-4370-8085-DA267698E1B0}.online|x64.Build.0 = online|Any CPU
		{33D257C1-8EF3-4370-8085-DA267698E1B0}.online|x86.ActiveCfg = online|Any CPU
		{33D257C1-8EF3-4370-8085-DA267698E1B0}.online|x86.Build.0 = online|Any CPU
		{33D257C1-8EF3-4370-8085-DA267698E1B0}.Release|Any CPU.ActiveCfg = Release|Any CPU
		{33D257C1-8EF3-4370-8085-DA267698E1B0}.Release|Any CPU.Build.0 = Release|Any CPU
		{33D257C1-8EF3-4370-8085-DA267698E1B0}.Release|x64.ActiveCfg = Release|Any CPU
		{33D257C1-8EF3-4370-8085-DA267698E1B0}.Release|x64.Build.0 = Release|Any CPU
		{33D257C1-8EF3-4370-8085-DA267698E1B0}.Release|x86.ActiveCfg = Release|Any CPU
		{33D257C1-8EF3-4370-8085-DA267698E1B0}.Release|x86.Build.0 = Release|Any CPU
		{F869D201-91CD-4DC5-B08D-6B676FEDF299}.Debug|Any CPU.ActiveCfg = Debug|Any CPU
		{F869D201-91CD-4DC5-B08D-6B676FEDF299}.Debug|Any CPU.Build.0 = Debug|Any CPU
		{F869D201-91CD-4DC5-B08D-6B676FEDF299}.Debug|Any CPU.Deploy.0 = Debug|Any CPU
		{F869D201-91CD-4DC5-B08D-6B676FEDF299}.Debug|x64.ActiveCfg = Debug|x86
		{F869D201-91CD-4DC5-B08D-6B676FEDF299}.Debug|x64.Build.0 = Debug|x86
		{F869D201-91CD-4DC5-B08D-6B676FEDF299}.Debug|x86.ActiveCfg = Debug|Any CPU
		{F869D201-91CD-4DC5-B08D-6B676FEDF299}.Debug|x86.Build.0 = Debug|Any CPU
		{F869D201-91CD-4DC5-B08D-6B676FEDF299}.develop|Any CPU.ActiveCfg = Debug|Any CPU
		{F869D201-91CD-4DC5-B08D-6B676FEDF299}.develop|Any CPU.Build.0 = Debug|Any CPU
		{F869D201-91CD-4DC5-B08D-6B676FEDF299}.develop|x64.ActiveCfg = Debug|Any CPU
		{F869D201-91CD-4DC5-B08D-6B676FEDF299}.develop|x64.Build.0 = Debug|Any CPU
		{F869D201-91CD-4DC5-B08D-6B676FEDF299}.develop|x86.ActiveCfg = Debug|Any CPU
		{F869D201-91CD-4DC5-B08D-6B676FEDF299}.develop|x86.Build.0 = Debug|Any CPU
		{F869D201-91CD-4DC5-B08D-6B676FEDF299}.online|Any CPU.ActiveCfg = Release|Any CPU
		{F869D201-91CD-4DC5-B08D-6B676FEDF299}.online|Any CPU.Build.0 = Release|Any CPU
		{F869D201-91CD-4DC5-B08D-6B676FEDF299}.online|x64.ActiveCfg = Release|Any CPU
		{F869D201-91CD-4DC5-B08D-6B676FEDF299}.online|x64.Build.0 = Release|Any CPU
		{F869D201-91CD-4DC5-B08D-6B676FEDF299}.online|x86.ActiveCfg = Release|Any CPU
		{F869D201-91CD-4DC5-B08D-6B676FEDF299}.online|x86.Build.0 = Release|Any CPU
		{F869D201-91CD-4DC5-B08D-6B676FEDF299}.Release|Any CPU.ActiveCfg = Release|x86
		{F869D201-91CD-4DC5-B08D-6B676FEDF299}.Release|Any CPU.Build.0 = Release|x86
		{F869D201-91CD-4DC5-B08D-6B676FEDF299}.Release|Any CPU.Deploy.0 = Release|x86
		{F869D201-91CD-4DC5-B08D-6B676FEDF299}.Release|x64.ActiveCfg = Release|Any CPU
		{F869D201-91CD-4DC5-B08D-6B676FEDF299}.Release|x64.Build.0 = Release|Any CPU
		{F869D201-91CD-4DC5-B08D-6B676FEDF299}.Release|x86.ActiveCfg = Release|Any CPU
		{F869D201-91CD-4DC5-B08D-6B676FEDF299}.Release|x86.Build.0 = Release|Any CPU
		{93CE630F-50D4-4A0C-BC64-F75AA7F00611}.Debug|Any CPU.ActiveCfg = Debug|Any CPU
		{93CE630F-50D4-4A0C-BC64-F75AA7F00611}.Debug|Any CPU.Build.0 = Debug|Any CPU
		{93CE630F-50D4-4A0C-BC64-F75AA7F00611}.Debug|x64.ActiveCfg = Debug|Any CPU
		{93CE630F-50D4-4A0C-BC64-F75AA7F00611}.Debug|x64.Build.0 = Debug|Any CPU
		{93CE630F-50D4-4A0C-BC64-F75AA7F00611}.Debug|x86.ActiveCfg = Debug|Any CPU
		{93CE630F-50D4-4A0C-BC64-F75AA7F00611}.Debug|x86.Build.0 = Debug|Any CPU
		{93CE630F-50D4-4A0C-BC64-F75AA7F00611}.develop|Any CPU.ActiveCfg = Debug|Any CPU
		{93CE630F-50D4-4A0C-BC64-F75AA7F00611}.develop|Any CPU.Build.0 = Debug|Any CPU
		{93CE630F-50D4-4A0C-BC64-F75AA7F00611}.develop|x64.ActiveCfg = Debug|Any CPU
		{93CE630F-50D4-4A0C-BC64-F75AA7F00611}.develop|x64.Build.0 = Debug|Any CPU
		{93CE630F-50D4-4A0C-BC64-F75AA7F00611}.develop|x86.ActiveCfg = Debug|Any CPU
		{93CE630F-50D4-4A0C-BC64-F75AA7F00611}.develop|x86.Build.0 = Debug|Any CPU
		{93CE630F-50D4-4A0C-BC64-F75AA7F00611}.online|Any CPU.ActiveCfg = Debug|Any CPU
		{93CE630F-50D4-4A0C-BC64-F75AA7F00611}.online|Any CPU.Build.0 = Debug|Any CPU
		{93CE630F-50D4-4A0C-BC64-F75AA7F00611}.online|x64.ActiveCfg = Debug|Any CPU
		{93CE630F-50D4-4A0C-BC64-F75AA7F00611}.online|x64.Build.0 = Debug|Any CPU
		{93CE630F-50D4-4A0C-BC64-F75AA7F00611}.online|x86.ActiveCfg = Debug|Any CPU
		{93CE630F-50D4-4A0C-BC64-F75AA7F00611}.online|x86.Build.0 = Debug|Any CPU
		{93CE630F-50D4-4A0C-BC64-F75AA7F00611}.Release|Any CPU.ActiveCfg = Release|Any CPU
		{93CE630F-50D4-4A0C-BC64-F75AA7F00611}.Release|Any CPU.Build.0 = Release|Any CPU
		{93CE630F-50D4-4A0C-BC64-F75AA7F00611}.Release|x64.ActiveCfg = Release|Any CPU
		{93CE630F-50D4-4A0C-BC64-F75AA7F00611}.Release|x64.Build.0 = Release|Any CPU
		{93CE630F-50D4-4A0C-BC64-F75AA7F00611}.Release|x86.ActiveCfg = Release|Any CPU
		{93CE630F-50D4-4A0C-BC64-F75AA7F00611}.Release|x86.Build.0 = Release|Any CPU
		{2D6C28FC-8C69-4F11-83F6-10D84EDE5F10}.Debug|Any CPU.ActiveCfg = Debug|Any CPU
		{2D6C28FC-8C69-4F11-83F6-10D84EDE5F10}.Debug|Any CPU.Build.0 = Debug|Any CPU
		{2D6C28FC-8C69-4F11-83F6-10D84EDE5F10}.Debug|x64.ActiveCfg = Debug|Any CPU
		{2D6C28FC-8C69-4F11-83F6-10D84EDE5F10}.Debug|x64.Build.0 = Debug|Any CPU
		{2D6C28FC-8C69-4F11-83F6-10D84EDE5F10}.Debug|x86.ActiveCfg = Debug|Any CPU
		{2D6C28FC-8C69-4F11-83F6-10D84EDE5F10}.Debug|x86.Build.0 = Debug|Any CPU
		{2D6C28FC-8C69-4F11-83F6-10D84EDE5F10}.develop|Any CPU.ActiveCfg = Debug|Any CPU
		{2D6C28FC-8C69-4F11-83F6-10D84EDE5F10}.develop|Any CPU.Build.0 = Debug|Any CPU
		{2D6C28FC-8C69-4F11-83F6-10D84EDE5F10}.develop|x64.ActiveCfg = Debug|Any CPU
		{2D6C28FC-8C69-4F11-83F6-10D84EDE5F10}.develop|x64.Build.0 = Debug|Any CPU
		{2D6C28FC-8C69-4F11-83F6-10D84EDE5F10}.develop|x86.ActiveCfg = Debug|Any CPU
		{2D6C28FC-8C69-4F11-83F6-10D84EDE5F10}.develop|x86.Build.0 = Debug|Any CPU
		{2D6C28FC-8C69-4F11-83F6-10D84EDE5F10}.online|Any CPU.ActiveCfg = Debug|Any CPU
		{2D6C28FC-8C69-4F11-83F6-10D84EDE5F10}.online|Any CPU.Build.0 = Debug|Any CPU
		{2D6C28FC-8C69-4F11-83F6-10D84EDE5F10}.online|x64.ActiveCfg = Debug|Any CPU
		{2D6C28FC-8C69-4F11-83F6-10D84EDE5F10}.online|x64.Build.0 = Debug|Any CPU
		{2D6C28FC-8C69-4F11-83F6-10D84EDE5F10}.online|x86.ActiveCfg = Debug|Any CPU
		{2D6C28FC-8C69-4F11-83F6-10D84EDE5F10}.online|x86.Build.0 = Debug|Any CPU
		{2D6C28FC-8C69-4F11-83F6-10D84EDE5F10}.Release|Any CPU.ActiveCfg = Release|Any CPU
		{2D6C28FC-8C69-4F11-83F6-10D84EDE5F10}.Release|Any CPU.Build.0 = Release|Any CPU
		{2D6C28FC-8C69-4F11-83F6-10D84EDE5F10}.Release|x64.ActiveCfg = Release|Any CPU
		{2D6C28FC-8C69-4F11-83F6-10D84EDE5F10}.Release|x64.Build.0 = Release|Any CPU
		{2D6C28FC-8C69-4F11-83F6-10D84EDE5F10}.Release|x86.ActiveCfg = Release|Any CPU
		{2D6C28FC-8C69-4F11-83F6-10D84EDE5F10}.Release|x86.Build.0 = Release|Any CPU
	EndGlobalSection
	GlobalSection(SolutionProperties) = preSolution
		HideSolutionNode = FALSE
	EndGlobalSection
	GlobalSection(NestedProjects) = preSolution
		{62EA43E7-5A3E-4653-960A-2B71200C1223} = {3E58F4A6-5B66-4548-AABB-412928122D94}
		{61D717EB-ED78-498F-8834-CBED233EDF58} = {3E58F4A6-5B66-4548-AABB-412928122D94}
		{CC348C49-5C7F-4AFE-9359-A4BD84FC01FC} = {3E58F4A6-5B66-4548-AABB-412928122D94}
		{B181F819-319B-4390-86C9-B51B940C4133} = {3E58F4A6-5B66-4548-AABB-412928122D94}
		{24324159-9F36-41F9-B1A6-78DA1F80F16A} = {3E58F4A6-5B66-4548-AABB-412928122D94}
		{4FDE1F16-41BF-45BD-A1FC-4A8EFAE02AFB} = {3E58F4A6-5B66-4548-AABB-412928122D94}
		{50A76D2E-1479-4AB8-949F-9A5B699ED84E} = {3E58F4A6-5B66-4548-AABB-412928122D94}
		{054C3FD1-EAC2-4FC1-9C35-2AD7ACE3851C} = {3E58F4A6-5B66-4548-AABB-412928122D94}
		{3E42F329-2034-4B5F-B8B5-D7EA3D624120} = {3E58F4A6-5B66-4548-AABB-412928122D94}
		{0D3246AB-205C-4490-B699-F23B78B625CA} = {3E58F4A6-5B66-4548-AABB-412928122D94}
		{BC4A46FB-2DAA-415D-97E0-394498E9EA54} = {3E58F4A6-5B66-4548-AABB-412928122D94}
		{37754643-D646-4522-8122-AB3C6DA39298} = {3E58F4A6-5B66-4548-AABB-412928122D94}
		{D8846AF1-ABF4-41AB-8BBE-07AF7AFB597C} = {B0DBAFBD-05D8-4902-826E-D1AC1009BF1D}
		{2328F020-50E3-4DAF-A4F9-9C1A4D3CA238} = {B0DBAFBD-05D8-4902-826E-D1AC1009BF1D}
		{33D257C1-8EF3-4370-8085-DA267698E1B0} = {B0DBAFBD-05D8-4902-826E-D1AC1009BF1D}
	EndGlobalSection
EndGlobal
